
Microsoft Visual Studio Solution File, Format Version 12.00
# Visual Studio 2013
VisualStudioVersion = 12.0.30501.0
MinimumVisualStudioVersion = 10.0.40219.1
Project("{FAE04EC0-301F-11D3-BF4B-00C04F79EFBC}") = "ReplaceService", "WindowsService1\ReplaceService.csproj", "{9A7249CE-27E4-4C24-85E1-FCA04794D4A8}"
EndProject
Project("{FAE04EC0-301F-11D3-BF4B-00C04F79EFBC}") = "AutoMove", "AutoMove\AutoMove.csproj", "{DD976936-0672-4024-A652-6007543D8301}"
EndProject
Project("{FAE04EC0-301F-11D3-BF4B-00C04F79EFBC}") = "Mover", "Mover\Mover.csproj", "{AC83407F-F8BA-49CA-ACF5-BAE904F612C3}"
EndProject
Global
	GlobalSection(SolutionConfigurationPlatforms) = preSolution
		Debug|Any CPU = Debug|Any CPU
		Release|Any CPU = Release|Any CPU
	EndGlobalSection
	GlobalSection(ProjectConfigurationPlatforms) = postSolution
		{9A7249CE-27E4-4C24-85E1-FCA04794D4A8}.Debug|Any CPU.ActiveCfg = Debug|Any CPU
		{9A7249CE-27E4-4C24-85E1-FCA04794D4A8}.Debug|Any CPU.Build.0 = Debug|Any CPU
		{9A7249CE-27E4-4C24-85E1-FCA04794D4A8}.Release|Any CPU.ActiveCfg = Release|Any CPU
		{9A7249CE-27E4-4C24-85E1-FCA04794D4A8}.Release|Any CPU.Build.0 = Release|Any CPU
		{DD976936-0672-4024-A652-6007543D8301}.Debug|Any CPU.ActiveCfg = Debug|Any CPU
		{DD976936-0672-4024-A652-6007543D8301}.Debug|Any CPU.Build.0 = Debug|Any CPU
		{DD976936-0672-4024-A652-6007543D8301}.Release|Any CPU.ActiveCfg = Release|Any CPU
		{DD976936-0672-4024-A652-6007543D8301}.Release|Any CPU.Build.0 = Release|Any CPU
		{AC83407F-F8BA-49CA-ACF5-BAE904F612C3}.Debug|Any CPU.ActiveCfg = Debug|Any CPU
		{AC83407F-F8BA-49CA-ACF5-BAE904F612C3}.Debug|Any CPU.Build.0 = Debug|Any CPU
		{AC83407F-F8BA-49CA-ACF5-BAE904F612C3}.Release|Any CPU.ActiveCfg = Release|Any CPU
		{AC83407F-F8BA-49CA-ACF5-BAE904F612C3}.Release|Any CPU.Build.0 = Release|Any CPU
	EndGlobalSection
	GlobalSection(SolutionProperties) = preSolution
		HideSolutionNode = FALSE
	EndGlobalSection
EndGlobal
